<?xml version="1.0" encoding="utf-8"?>
<Project ToolsVersion="4.0" xmlns="http://schemas.microsoft.com/developer/msbuild/2003">
  <ItemGroup>
    <Filter Include="App">
      <UniqueIdentifier>{2b08415c-929b-4ed4-8b16-0813cf5f3da2}</UniqueIdentifier>
    </Filter>
    <Filter Include="Engine">
      <UniqueIdentifier>{4a9385ed-81ad-4255-8208-054b0e3c5192}</UniqueIdentifier>
    </Filter>
    <Filter Include="Engine\Graphics">
      <UniqueIdentifier>{f3ef0d37-79b0-4971-81c8-e2aca0b24f2e}</UniqueIdentifier>
    </Filter>
    <Filter Include="Engine\Windows">
      <UniqueIdentifier>{d1f933c0-3cd4-4708-bb9e-c136cb4a3e12}</UniqueIdentifier>
    </Filter>
    <Filter Include="Engine\Graphics\SwapChain">
      <UniqueIdentifier>{8e8ba9d7-63db-4ba9-91c3-20b793d15f6c}</UniqueIdentifier>
    </Filter>
    <Filter Include="Engine\DeviceContext">
      <UniqueIdentifier>{8d1b0695-c503-4a36-a120-f5c3aa8d725e}</UniqueIdentifier>
    </Filter>
    <Filter Include="Engine\VertexBuffer">
      <UniqueIdentifier>{a180853a-fc48-4515-b813-b3ccd32bbfdb}</UniqueIdentifier>
    </Filter>
    <Filter Include="Engine\VertexShader">
      <UniqueIdentifier>{7443cddd-61cc-4128-9ff6-6a615fcdf871}</UniqueIdentifier>
    </Filter>
    <Filter Include="Engine\PixelShader">
      <UniqueIdentifier>{c238f303-0416-47d5-aac1-ecb638e87511}</UniqueIdentifier>
    </Filter>
    <Filter Include="Engine\Constant Buffer">
      <UniqueIdentifier>{d26cde56-0b0f-41fc-80a6-4a09f38f3f87}</UniqueIdentifier>
    </Filter>
    <Filter Include="Engine\TIME">
      <UniqueIdentifier>{018f594a-0ff9-4eb9-bbc5-d50eee567240}</UniqueIdentifier>
    </Filter>
  </ItemGroup>
  <ItemGroup>
    <ClCompile Include="main.cpp">
      <Filter>App</Filter>
    </ClCompile>
    <ClCompile Include="AppWindow.cpp">
      <Filter>App</Filter>
    </ClCompile>
    <ClCompile Include="window.cpp">
      <Filter>Engine\Windows</Filter>
    </ClCompile>
    <ClCompile Include="GraphicsEngine.cpp">
      <Filter>Engine\Graphics</Filter>
    </ClCompile>
    <ClCompile Include="SwapChain.cpp">
      <Filter>Engine\Graphics\SwapChain</Filter>
    </ClCompile>
    <ClCompile Include="DeviceContext.cpp">
      <Filter>Engine\DeviceContext</Filter>
    </ClCompile>
    <ClCompile Include="VertexBuffer.cpp">
      <Filter>Engine\VertexBuffer</Filter>
    </ClCompile>
    <ClCompile Include="VertexShader.cpp">
      <Filter>Engine\VertexShader</Filter>
    </ClCompile>
    <ClCompile Include="PixelShader.cpp">
      <Filter>Engine\PixelShader</Filter>
    </ClCompile>
    <ClCompile Include="ConstantBuffer.cpp">
      <Filter>Engine\Constant Buffer</Filter>
    </ClCompile>
    <ClCompile Include="EngineTime.cpp">
      <Filter>Engine\TIME</Filter>
    </ClCompile>
  </ItemGroup>
  <ItemGroup>
    <ClInclude Include="AppWindow.h">
      <Filter>App</Filter>
    </ClInclude>
    <ClInclude Include="window.h">
      <Filter>Engine\Windows</Filter>
    </ClInclude>
    <ClInclude Include="GraphicsEngine.h">
      <Filter>Engine\Graphics</Filter>
    </ClInclude>
    <ClInclude Include="SwapChain.h">
      <Filter>Engine\Graphics\SwapChain</Filter>
    </ClInclude>
    <ClInclude Include="DeviceContext.h">
      <Filter>Engine\DeviceContext</Filter>
    </ClInclude>
    <ClInclude Include="VertexBuffer.h">
      <Filter>Engine\VertexBuffer</Filter>
    </ClInclude>
    <ClInclude Include="VertexShader.h">
      <Filter>Engine\VertexShader</Filter>
    </ClInclude>
    <ClInclude Include="PixelShader.h">
      <Filter>Engine\PixelShader</Filter>
    </ClInclude>
    <ClInclude Include="ConstantBuffer.h">
      <Filter>Engine\Constant Buffer</Filter>
    </ClInclude>
    <ClInclude Include="EngineTime.h">
      <Filter>Engine\TIME</Filter>
    </ClInclude>
  </ItemGroup>
  <ItemGroup>
    <FxCompile Include="VertexShader.hlsl">
      <Filter>App</Filter>
    </FxCompile>
    <FxCompile Include="PixelShader.hlsl">
      <Filter>App</Filter>
    </FxCompile>
  </ItemGroup>
</Project>